github.com/BurntSushi/toml v1.2.0 h1:Rt8g24XnyGTyglgET/PRUNlrUeu9F5L+7FilkXfZgs0=
github.com/BurntSushi/toml v1.2.0/go.mod h1:CxXYINrC8qIiEnFrOxCa7Jy5BFHlXnUU2pbicEuybxQ=
github.com/lib/pq v1.10.5 h1:J+gdV2cUmX7ZqL2B0lFcW0m+egaHC2V3lpO8nWxyYiQ=
github.com/lib/pq v1.10.5/go.mod h1:AlVN5x4E4T544tWzH6hKfbfQvm3HdbOxrmggDNAPY9o=
github.com/ruraomsk/ag-server v0.0.0-20220919022940-3842e1b8e5a1 h1:DAvooSQhbJ6VwrfypgtM5d8k40sUS0ybGmE59oV37QU=
github.com/ruraomsk/ag-server v0.0.0-20220919022940-3842e1b8e5a1/go.mod h1:MpuTy+cjEIJ11T6mZ8/WWQS/RdnowVzDoEO9Mwyin0o=
